
Microsoft Visual Studio Solution File, Format Version 12.00
# Visual Studio Version 16
VisualStudioVersion = 16.0.32126.315
MinimumVisualStudioVersion = 10.0.40219.1
Project("{FAE04EC0-301F-11D3-BF4B-00C04F79EFBC}") = "Urun_Satıs", "Urun_Satıs\Urun_Satıs.csproj", "{6351F5C7-0472-452F-9A1C-FDE43CD9316F}"
EndProject
Global
	GlobalSection(SolutionConfigurationPlatforms) = preSolution
		Debug|Any CPU = Debug|Any CPU
		Release|Any CPU = Release|Any CPU
	EndGlobalSection
	GlobalSection(ProjectConfigurationPlatforms) = postSolution
		{6351F5C7-0472-452F-9A1C-FDE43CD9316F}.Debug|Any CPU.ActiveCfg = Debug|Any CPU
		{6351F5C7-0472-452F-9A1C-FDE43CD9316F}.Debug|Any CPU.Build.0 = Debug|Any CPU
		{6351F5C7-0472-452F-9A1C-FDE43CD9316F}.Release|Any CPU.ActiveCfg = Release|Any CPU
		{6351F5C7-0472-452F-9A1C-FDE43CD9316F}.Release|Any CPU.Build.0 = Release|Any CPU
	EndGlobalSection
	GlobalSection(SolutionProperties) = preSolution
		HideSolutionNode = FALSE
	EndGlobalSection
	GlobalSection(ExtensibilityGlobals) = postSolution
		SolutionGuid = {A9FB7F30-D047-41F3-A6E6-DECDAF22B9DA}
	EndGlobalSection
EndGlobal
