
Microsoft Visual Studio Solution File, Format Version 12.00
# Visual Studio Version 16
VisualStudioVersion = 16.0.32126.315
MinimumVisualStudioVersion = 10.0.40219.1
Project("{FAE04EC0-301F-11D3-BF4B-00C04F79EFBC}") = "Form02_SQL", "Form02_SQL\Form02_SQL.csproj", "{23F630B7-4163-4F7A-82BF-392A4D5DC674}"
EndProject
Global
	GlobalSection(SolutionConfigurationPlatforms) = preSolution
		Debug|Any CPU = Debug|Any CPU
		Release|Any CPU = Release|Any CPU
	EndGlobalSection
	GlobalSection(ProjectConfigurationPlatforms) = postSolution
		{23F630B7-4163-4F7A-82BF-392A4D5DC674}.Debug|Any CPU.ActiveCfg = Debug|Any CPU
		{23F630B7-4163-4F7A-82BF-392A4D5DC674}.Debug|Any CPU.Build.0 = Debug|Any CPU
		{23F630B7-4163-4F7A-82BF-392A4D5DC674}.Release|Any CPU.ActiveCfg = Release|Any CPU
		{23F630B7-4163-4F7A-82BF-392A4D5DC674}.Release|Any CPU.Build.0 = Release|Any CPU
	EndGlobalSection
	GlobalSection(SolutionProperties) = preSolution
		HideSolutionNode = FALSE
	EndGlobalSection
	GlobalSection(ExtensibilityGlobals) = postSolution
		SolutionGuid = {9ECF5D68-3E35-4326-B30B-B88F7EA9E9F1}
	EndGlobalSection
EndGlobal
